{
  "version": 4,
  "terraform_version": "1.2.9",
  "serial": 1,
  "lineage": "1267d5c6-9422-d116-02d1-9dc97e488763",
  "outputs": {},
  "resources": [
    {
      "mode": "managed",
      "type": "github_repository",
      "name": "github-repo-1",
      "provider": "provider[\"registry.terraform.io/integrations/github\"]",
      "instances": [
        {
          "schema_version": 0,
          "attributes": {
            "allow_auto_merge": false,
            "allow_merge_commit": true,
            "allow_rebase_merge": true,
            "allow_squash_merge": true,
            "archive_on_destroy": null,
            "archived": false,
            "auto_init": null,
            "branches": [],
            "default_branch": "main",
            "delete_branch_on_merge": false,
            "description": "My awesome codebase",
            "etag": "W/\"4fff33718237ae77f5c7cbd2ea4d870a3b97e051290799dc0239abdf37f9fb76\"",
            "full_name": "shashwat12304/terraform-demo-1",
            "git_clone_url": "git://github.com/shashwat12304/terraform-demo-1.git",
            "gitignore_template": null,
            "has_downloads": false,
            "has_issues": false,
            "has_projects": false,
            "has_wiki": false,
            "homepage_url": "",
            "html_url": "https://github.com/shashwat12304/terraform-demo-1",
            "http_clone_url": "https://github.com/shashwat12304/terraform-demo-1.git",
            "id": "terraform-demo-1",
            "ignore_vulnerability_alerts_during_read": null,
            "is_template": false,
            "license_template": null,
            "merge_commit_message": "PR_TITLE",
            "merge_commit_title": "MERGE_MESSAGE",
            "name": "terraform-demo-1",
            "node_id": "R_kgDOH_roNg",
            "pages": [],
            "private": false,
            "repo_id": 536537142,
            "squash_merge_commit_message": "COMMIT_MESSAGES",
            "squash_merge_commit_title": "COMMIT_OR_PR_TITLE",
            "ssh_clone_url": "git@github.com:shashwat12304/terraform-demo-1.git",
            "svn_url": "https://github.com/shashwat12304/terraform-demo-1",
            "template": [],
            "topics": null,
            "visibility": "public",
            "vulnerability_alerts": false
          },
          "sensitive_attributes": [],
          "private": "bnVsbA=="
        }
      ]
    }
  ]
}
